{
  "packages": [
    {
      "dependencies": [],
      "manifest": "lib/tenon.toml",
      "name": "fixture-compile-lib",
      "source": "path+.",
      "version": "0.1.0"
    },
    {
      "dependencies": [],
      "manifest": "mismatch/tenon.toml",
      "name": "fixture-compile-mismatch",
      "source": "path+.",
      "version": "0.1.0"
    },
    {
      "dependencies": [
        "fixture-compile-lib"
      ],
      "manifest": "pass/tenon.toml",
      "name": "fixture-compile-pass",
      "source": "path+.",
      "version": "0.1.0"
    },
    {
      "dependencies": [],
      "manifest": "windows-only/tenon.toml",
      "name": "fixture-windows-only",
      "source": "path+.",
      "version": "0.1.0"
    }
  ],
  "roots": [
    "fixture-compile-lib",
    "fixture-compile-mismatch",
    "fixture-compile-pass",
    "fixture-windows-only"
  ],
  "sources": [
    {
      "kind": "path",
      "path": "."
    }
  ],
  "version": 4
}
