{
  "packages": [
    {
      "dependencies": [],
      "manifest": "tenon.toml",
      "name": "fixture-lock-duplicate-source",
      "source": "path+.",
      "version": "0.1.0"
    }
  ],
  "roots": ["fixture-lock-duplicate-source"],
  "sources": [
    {
      "kind": "path",
      "path": "."
    },
    {
      "kind": "path",
      "path": "."
    }
  ],
  "version": 4
}
