{
  "packages": [
    {
      "dependencies": [],
      "manifest": "app/tenon.toml",
      "name": "fixture-test-app",
      "source": "path+.",
      "version": "0.1.0"
    },
    {
      "dependencies": [
        "fixture-test-lib"
      ],
      "manifest": "fail/tenon.toml",
      "name": "fixture-test-fail",
      "source": "path+.",
      "version": "0.1.0"
    },
    {
      "dependencies": [],
      "manifest": "lib/tenon.toml",
      "name": "fixture-test-lib",
      "source": "path+.",
      "version": "0.1.0"
    },
    {
      "dependencies": [
        "fixture-test-lib"
      ],
      "manifest": "pass/tenon.toml",
      "name": "fixture-test-pass",
      "source": "path+.",
      "version": "0.1.0"
    },
    {
      "dependencies": [],
      "manifest": "signal/tenon.toml",
      "name": "fixture-test-signal",
      "source": "path+.",
      "version": "0.1.0"
    }
  ],
  "roots": [
    "fixture-test-app",
    "fixture-test-fail",
    "fixture-test-lib",
    "fixture-test-pass",
    "fixture-test-signal"
  ],
  "sources": [
    {
      "kind": "path",
      "path": "."
    }
  ],
  "version": 4
}
