{
  "packages": [
    {
      "dependencies": [],
      "id": "fixture-lock-id-field",
      "manifest": "tenon.toml",
      "name": "fixture-lock-id-field",
      "source": "path+.",
      "version": "0.1.0"
    }
  ],
  "roots": ["fixture-lock-id-field"],
  "sources": [
    {
      "kind": "path",
      "path": "."
    }
  ],
  "version": 4
}
