{
  "packages": [
    {
      "dependencies": [],
      "id": "fixture.lock.stale 0.0.1 (path+.)",
      "name": "fixture.lock.stale",
      "source": {
        "kind": "path",
        "manifest": "tenon.toml",
        "path": "."
      },
      "version": "0.0.1"
    }
  ],
  "root": "fixture.lock.stale 0.0.1 (path+.)",
  "version": 1
}
