{
  "packages": [
    {
      "dependencies": ["fixture-lock-missing"],
      "manifest": "tenon.toml",
      "name": "fixture-lock-dangling",
      "source": "path+.",
      "version": "0.1.0"
    }
  ],
  "roots": ["fixture-lock-dangling"],
  "sources": [
    {
      "kind": "path",
      "path": "."
    }
  ],
  "version": 4
}
