{
  "packages": [
    {
      "dependencies": [
        "demo-workspace-common"
      ],
      "manifest": "app-one/tenon.toml",
      "name": "demo-workspace-app_one",
      "source": "path+.",
      "version": "0.1.0"
    },
    {
      "dependencies": [
        "demo-workspace-common"
      ],
      "manifest": "app-two/tenon.toml",
      "name": "demo-workspace-app_two",
      "source": "path+.",
      "version": "0.1.0"
    },
    {
      "dependencies": [],
      "manifest": "common/tenon.toml",
      "name": "demo-workspace-common",
      "source": "path+.",
      "version": "0.1.0"
    },
    {
      "dependencies": [],
      "manifest": "unused/tenon.toml",
      "name": "demo-workspace-unused",
      "source": "path+.",
      "version": "0.1.0"
    }
  ],
  "roots": [
    "demo-workspace-app_one",
    "demo-workspace-app_two",
    "demo-workspace-common",
    "demo-workspace-unused"
  ],
  "sources": [
    {
      "kind": "path",
      "path": "."
    }
  ],
  "version": 4
}
