{
  "packages": [
    {
      "dependencies": [],
      "manifest": "one/tenon.toml",
      "name": "fixture-lock-duplicate",
      "source": "path+.",
      "version": "0.1.0"
    },
    {
      "dependencies": [],
      "manifest": "two/tenon.toml",
      "name": "fixture-lock-duplicate",
      "source": "path+.",
      "version": "0.2.0"
    }
  ],
  "roots": ["fixture-lock-duplicate"],
  "sources": [
    {
      "kind": "path",
      "path": "."
    }
  ],
  "version": 4
}
