{
  "externals": [
    {
      "alias": "archive",
      "package": "fixture-duplicate-external",
      "provider": "cmake",
      "source": {
        "kind": "archive",
        "sha256": "0000000000000000000000000000000000000000000000000000000000000000",
        "url": "https://example.invalid/archive.tar.gz"
      }
    },
    {
      "alias": "archive",
      "package": "fixture-duplicate-external",
      "provider": "cmake",
      "source": {
        "kind": "archive",
        "sha256": "1111111111111111111111111111111111111111111111111111111111111111",
        "url": "https://example.invalid/other.tar.gz"
      }
    }
  ],
  "packages": [
    {
      "dependencies": [],
      "manifest": "lito.toml",
      "name": "fixture-duplicate-external",
      "runtime-dependencies": [],
      "source": {
        "kind": "path",
        "path": "."
      }
    }
  ],
  "version": 6
}
