{
  "packages": [
    {
      "dependencies": [],
      "id": "fixture.convention.main 0.1.0 (path+.)",
      "name": "fixture.convention.main",
      "source": {
        "kind": "path",
        "manifest": "tenon.toml",
        "path": "."
      },
      "version": "0.1.0"
    }
  ],
  "root": "fixture.convention.main 0.1.0 (path+.)",
  "version": 1
}
