{
  "packages": [
    {
      "dependencies": [],
      "id": "fixture-profile 0.1.0 (path+.)",
      "manifest": "tenon.toml",
      "name": "fixture-profile",
      "source": "path+.",
      "version": "0.1.0"
    }
  ],
  "roots": [
    "fixture-profile 0.1.0 (path+.)"
  ],
  "sources": [
    {
      "id": "path+.",
      "kind": "path",
      "path": "."
    }
  ],
  "version": 3
}
