{
  "packages": [
    {
      "dependencies": [
        "demo-base"
      ],
      "manifest": "tenon.toml",
      "name": "demo-app",
      "source": "path+.",
      "version": "0.1.0"
    },
    {
      "dependencies": [],
      "manifest": "tenon.toml",
      "name": "demo-base",
      "source": "path+../demo-base",
      "version": "0.1.0"
    }
  ],
  "roots": [
    "demo-app"
  ],
  "sources": [
    {
      "kind": "path",
      "path": "."
    },
    {
      "kind": "path",
      "path": "../demo-base"
    }
  ],
  "version": 4
}
