{
  "packages": [
    {
      "dependencies": [],
      "manifest": "tenon.toml",
      "name": "fixture-lock-update",
      "source": "path+.",
      "version": "0.1.0"
    }
  ],
  "roots": [
    "fixture-lock-update"
  ],
  "sources": [
    {
      "kind": "path",
      "path": "."
    }
  ],
  "version": 4
}
